[root]
name = "autodiff"
version = "0.1.0"
dependencies = [
 "maplit 0.1.4 (registry+https://github.com/rust-lang/crates.io-index)",
]

[[package]]
name = "maplit"
version = "0.1.4"
source = "registry+https://github.com/rust-lang/crates.io-index"

[metadata]
"checksum maplit 0.1.4 (registry+https://github.com/rust-lang/crates.io-index)" = "be384c560e0c3ad868b590ffb88d2c0a1effde6f59885234e4ea811c1202bfea"
